
Microsoft Visual Studio Solution File, Format Version 12.00
# Visual Studio Version 16
VisualStudioVersion = 25.0.1706.2
MinimumVisualStudioVersion = 10.0.40219.1
Project("{FAE04EC0-301F-11D3-BF4B-00C04F79EFBC}") = "backendSevice", "backendSevice.csproj", "{0DC38593-04D8-4EAD-B9DD-4185C760F10A}"
EndProject
Project("{E53339B2-1760-4266-BCC7-CA923CBCF16C}") = "docker-compose", "docker-compose.dcproj", "{07CB57EA-8E5C-4FCE-A8F3-32E8203F5052}"
EndProject
Global
	GlobalSection(SolutionConfigurationPlatforms) = preSolution
		Debug|Any CPU = Debug|Any CPU
		Release|Any CPU = Release|Any CPU
	EndGlobalSection
	GlobalSection(ProjectConfigurationPlatforms) = postSolution
		{0DC38593-04D8-4EAD-B9DD-4185C760F10A}.Debug|Any CPU.ActiveCfg = Debug|Any CPU
		{0DC38593-04D8-4EAD-B9DD-4185C760F10A}.Debug|Any CPU.Build.0 = Debug|Any CPU
		{0DC38593-04D8-4EAD-B9DD-4185C760F10A}.Release|Any CPU.ActiveCfg = Release|Any CPU
		{0DC38593-04D8-4EAD-B9DD-4185C760F10A}.Release|Any CPU.Build.0 = Release|Any CPU
		{07CB57EA-8E5C-4FCE-A8F3-32E8203F5052}.Debug|Any CPU.ActiveCfg = Debug|Any CPU
		{07CB57EA-8E5C-4FCE-A8F3-32E8203F5052}.Debug|Any CPU.Build.0 = Debug|Any CPU
		{07CB57EA-8E5C-4FCE-A8F3-32E8203F5052}.Release|Any CPU.ActiveCfg = Release|Any CPU
		{07CB57EA-8E5C-4FCE-A8F3-32E8203F5052}.Release|Any CPU.Build.0 = Release|Any CPU
	EndGlobalSection
	GlobalSection(SolutionProperties) = preSolution
		HideSolutionNode = FALSE
	EndGlobalSection
	GlobalSection(ExtensibilityGlobals) = postSolution
		SolutionGuid = {D89C844F-3970-4FA9-9ECE-7F37D6694425}
	EndGlobalSection
EndGlobal
